
Microsoft Visual Studio Solution File, Format Version 12.00
# Visual Studio Version 17
VisualStudioVersion = 17.6.33717.318
MinimumVisualStudioVersion = 15.0.26124.0
Project("{2150E333-8FDC-42A3-9474-1A3956D46DE8}") = "src", "src", "{D5D38992-3557-499D-AC8C-70760F9EA770}"
EndProject
Project("{2150E333-8FDC-42A3-9474-1A3956D46DE8}") = "Application", "Application", "{0D61B6C7-2057-483C-9604-95E631152E08}"
EndProject
Project("{9A19103F-16F7-4668-BE54-9A1E7A4F7556}") = "MDT.AppService", "src\Application\MDT.AppService\MDT.AppService.csproj", "{6224C484-3E23-4F06-A749-195C1E478110}"
EndProject
Project("{2150E333-8FDC-42A3-9474-1A3956D46DE8}") = "Infrastructure", "Infrastructure", "{8738851F-C570-48B3-8096-978041878077}"
EndProject
Project("{2150E333-8FDC-42A3-9474-1A3956D46DE8}") = "EntryPoint", "EntryPoint", "{20B57A47-839F-43D7-B7E9-457D51CBFE6C}"
EndProject
Project("{9A19103F-16F7-4668-BE54-9A1E7A4F7556}") = "MDT.Web", "src\Infrastructure\EntryPoint\MDT.Web\MDT.Web.csproj", "{B37B5B9D-4D9A-48C2-868D-9ED1FBE36429}"
EndProject
Project("{2150E333-8FDC-42A3-9474-1A3956D46DE8}") = "test", "test", "{EB926098-4E62-461A-9A0E-AB261CD6B988}"
EndProject
Project("{2150E333-8FDC-42A3-9474-1A3956D46DE8}") = "Infrastructure", "Infrastructure", "{744467B0-48E0-4A4C-BE08-221D6C4970FE}"
EndProject
Project("{2150E333-8FDC-42A3-9474-1A3956D46DE8}") = "EntryPoint", "EntryPoint", "{3872B053-191E-47D4-AE21-F1048C93B42B}"
EndProject
Project("{9A19103F-16F7-4668-BE54-9A1E7A4F7556}") = "MDT.Web.Test", "test\Infrastructure\EntryPoint\MDT.Web.Test\MDT.Web.Test.csproj", "{B85DEAC7-711A-4B93-B24C-D3772AEFD224}"
EndProject
Project("{2150E333-8FDC-42A3-9474-1A3956D46DE8}") = "Domain", "Domain", "{4B243D03-61EB-4E1C-A7DA-3FFAD7B0503F}"
EndProject
Project("{9A19103F-16F7-4668-BE54-9A1E7A4F7556}") = "MDT.UseCase", "src\Domain\MDT.UseCase\MDT.UseCase.csproj", "{D018FA0F-A233-4FAF-B14F-D09778D9EB41}"
EndProject
Project("{9A19103F-16F7-4668-BE54-9A1E7A4F7556}") = "MDT.Model", "src\Domain\MDT.Model\MDT.Model.csproj", "{4A92AD93-BFA9-4628-9345-8C3BC6B6C5C6}"
EndProject
Project("{2150E333-8FDC-42A3-9474-1A3956D46DE8}") = "DrivenAdapter", "DrivenAdapter", "{8B9E2683-FABD-45AD-B44F-ACDABAF9F6CE}"
EndProject
Project("{2150E333-8FDC-42A3-9474-1A3956D46DE8}") = "Domain", "Domain", "{35454452-BFD5-4C2D-AD8A-1BD5F5DCB50C}"
EndProject
Project("{9A19103F-16F7-4668-BE54-9A1E7A4F7556}") = "MDT.UseCase.Test", "test\Domain\MDT.UseCase.Test\MDT.UseCase.Test.csproj", "{E65C0DDF-C59E-41CE-9709-7AC4DB06F659}"
EndProject
Project("{9A19103F-16F7-4668-BE54-9A1E7A4F7556}") = "MDT.SupabaseDb", "src\Infrastructure\DrivenAdapter\MDT.SupabaseDb\MDT.SupabaseDb.csproj", "{4A0DB2BF-23B8-4155-99F8-9A759110B371}"
EndProject
Global
	GlobalSection(SolutionConfigurationPlatforms) = preSolution
		Debug|Any CPU = Debug|Any CPU
		Debug|x64 = Debug|x64
		Debug|x86 = Debug|x86
		Release|Any CPU = Release|Any CPU
		Release|x64 = Release|x64
		Release|x86 = Release|x86
	EndGlobalSection
	GlobalSection(ProjectConfigurationPlatforms) = postSolution
		{6224C484-3E23-4F06-A749-195C1E478110}.Debug|Any CPU.ActiveCfg = Debug|Any CPU
		{6224C484-3E23-4F06-A749-195C1E478110}.Debug|Any CPU.Build.0 = Debug|Any CPU
		{6224C484-3E23-4F06-A749-195C1E478110}.Debug|x64.ActiveCfg = Debug|Any CPU
		{6224C484-3E23-4F06-A749-195C1E478110}.Debug|x64.Build.0 = Debug|Any CPU
		{6224C484-3E23-4F06-A749-195C1E478110}.Debug|x86.ActiveCfg = Debug|Any CPU
		{6224C484-3E23-4F06-A749-195C1E478110}.Debug|x86.Build.0 = Debug|Any CPU
		{6224C484-3E23-4F06-A749-195C1E478110}.Release|Any CPU.ActiveCfg = Release|Any CPU
		{6224C484-3E23-4F06-A749-195C1E478110}.Release|Any CPU.Build.0 = Release|Any CPU
		{6224C484-3E23-4F06-A749-195C1E478110}.Release|x64.ActiveCfg = Release|Any CPU
		{6224C484-3E23-4F06-A749-195C1E478110}.Release|x64.Build.0 = Release|Any CPU
		{6224C484-3E23-4F06-A749-195C1E478110}.Release|x86.ActiveCfg = Release|Any CPU
		{6224C484-3E23-4F06-A749-195C1E478110}.Release|x86.Build.0 = Release|Any CPU
		{B37B5B9D-4D9A-48C2-868D-9ED1FBE36429}.Debug|Any CPU.ActiveCfg = Debug|Any CPU
		{B37B5B9D-4D9A-48C2-868D-9ED1FBE36429}.Debug|Any CPU.Build.0 = Debug|Any CPU
		{B37B5B9D-4D9A-48C2-868D-9ED1FBE36429}.Debug|x64.ActiveCfg = Debug|Any CPU
		{B37B5B9D-4D9A-48C2-868D-9ED1FBE36429}.Debug|x64.Build.0 = Debug|Any CPU
		{B37B5B9D-4D9A-48C2-868D-9ED1FBE36429}.Debug|x86.ActiveCfg = Debug|Any CPU
		{B37B5B9D-4D9A-48C2-868D-9ED1FBE36429}.Debug|x86.Build.0 = Debug|Any CPU
		{B37B5B9D-4D9A-48C2-868D-9ED1FBE36429}.Release|Any CPU.ActiveCfg = Release|Any CPU
		{B37B5B9D-4D9A-48C2-868D-9ED1FBE36429}.Release|Any CPU.Build.0 = Release|Any CPU
		{B37B5B9D-4D9A-48C2-868D-9ED1FBE36429}.Release|x64.ActiveCfg = Release|Any CPU
		{B37B5B9D-4D9A-48C2-868D-9ED1FBE36429}.Release|x64.Build.0 = Release|Any CPU
		{B37B5B9D-4D9A-48C2-868D-9ED1FBE36429}.Release|x86.ActiveCfg = Release|Any CPU
		{B37B5B9D-4D9A-48C2-868D-9ED1FBE36429}.Release|x86.Build.0 = Release|Any CPU
		{B85DEAC7-711A-4B93-B24C-D3772AEFD224}.Debug|Any CPU.ActiveCfg = Debug|Any CPU
		{B85DEAC7-711A-4B93-B24C-D3772AEFD224}.Debug|Any CPU.Build.0 = Debug|Any CPU
		{B85DEAC7-711A-4B93-B24C-D3772AEFD224}.Debug|x64.ActiveCfg = Debug|Any CPU
		{B85DEAC7-711A-4B93-B24C-D3772AEFD224}.Debug|x64.Build.0 = Debug|Any CPU
		{B85DEAC7-711A-4B93-B24C-D3772AEFD224}.Debug|x86.ActiveCfg = Debug|Any CPU
		{B85DEAC7-711A-4B93-B24C-D3772AEFD224}.Debug|x86.Build.0 = Debug|Any CPU
		{B85DEAC7-711A-4B93-B24C-D3772AEFD224}.Release|Any CPU.ActiveCfg = Release|Any CPU
		{B85DEAC7-711A-4B93-B24C-D3772AEFD224}.Release|Any CPU.Build.0 = Release|Any CPU
		{B85DEAC7-711A-4B93-B24C-D3772AEFD224}.Release|x64.ActiveCfg = Release|Any CPU
		{B85DEAC7-711A-4B93-B24C-D3772AEFD224}.Release|x64.Build.0 = Release|Any CPU
		{B85DEAC7-711A-4B93-B24C-D3772AEFD224}.Release|x86.ActiveCfg = Release|Any CPU
		{B85DEAC7-711A-4B93-B24C-D3772AEFD224}.Release|x86.Build.0 = Release|Any CPU
		{D018FA0F-A233-4FAF-B14F-D09778D9EB41}.Debug|Any CPU.ActiveCfg = Debug|Any CPU
		{D018FA0F-A233-4FAF-B14F-D09778D9EB41}.Debug|Any CPU.Build.0 = Debug|Any CPU
		{D018FA0F-A233-4FAF-B14F-D09778D9EB41}.Debug|x64.ActiveCfg = Debug|Any CPU
		{D018FA0F-A233-4FAF-B14F-D09778D9EB41}.Debug|x64.Build.0 = Debug|Any CPU
		{D018FA0F-A233-4FAF-B14F-D09778D9EB41}.Debug|x86.ActiveCfg = Debug|Any CPU
		{D018FA0F-A233-4FAF-B14F-D09778D9EB41}.Debug|x86.Build.0 = Debug|Any CPU
		{D018FA0F-A233-4FAF-B14F-D09778D9EB41}.Release|Any CPU.ActiveCfg = Release|Any CPU
		{D018FA0F-A233-4FAF-B14F-D09778D9EB41}.Release|Any CPU.Build.0 = Release|Any CPU
		{D018FA0F-A233-4FAF-B14F-D09778D9EB41}.Release|x64.ActiveCfg = Release|Any CPU
		{D018FA0F-A233-4FAF-B14F-D09778D9EB41}.Release|x64.Build.0 = Release|Any CPU
		{D018FA0F-A233-4FAF-B14F-D09778D9EB41}.Release|x86.ActiveCfg = Release|Any CPU
		{D018FA0F-A233-4FAF-B14F-D09778D9EB41}.Release|x86.Build.0 = Release|Any CPU
		{4A92AD93-BFA9-4628-9345-8C3BC6B6C5C6}.Debug|Any CPU.ActiveCfg = Debug|Any CPU
		{4A92AD93-BFA9-4628-9345-8C3BC6B6C5C6}.Debug|Any CPU.Build.0 = Debug|Any CPU
		{4A92AD93-BFA9-4628-9345-8C3BC6B6C5C6}.Debug|x64.ActiveCfg = Debug|Any CPU
		{4A92AD93-BFA9-4628-9345-8C3BC6B6C5C6}.Debug|x64.Build.0 = Debug|Any CPU
		{4A92AD93-BFA9-4628-9345-8C3BC6B6C5C6}.Debug|x86.ActiveCfg = Debug|Any CPU
		{4A92AD93-BFA9-4628-9345-8C3BC6B6C5C6}.Debug|x86.Build.0 = Debug|Any CPU
		{4A92AD93-BFA9-4628-9345-8C3BC6B6C5C6}.Release|Any CPU.ActiveCfg = Release|Any CPU
		{4A92AD93-BFA9-4628-9345-8C3BC6B6C5C6}.Release|Any CPU.Build.0 = Release|Any CPU
		{4A92AD93-BFA9-4628-9345-8C3BC6B6C5C6}.Release|x64.ActiveCfg = Release|Any CPU
		{4A92AD93-BFA9-4628-9345-8C3BC6B6C5C6}.Release|x64.Build.0 = Release|Any CPU
		{4A92AD93-BFA9-4628-9345-8C3BC6B6C5C6}.Release|x86.ActiveCfg = Release|Any CPU
		{4A92AD93-BFA9-4628-9345-8C3BC6B6C5C6}.Release|x86.Build.0 = Release|Any CPU
		{E65C0DDF-C59E-41CE-9709-7AC4DB06F659}.Debug|Any CPU.ActiveCfg = Debug|Any CPU
		{E65C0DDF-C59E-41CE-9709-7AC4DB06F659}.Debug|Any CPU.Build.0 = Debug|Any CPU
		{E65C0DDF-C59E-41CE-9709-7AC4DB06F659}.Debug|x64.ActiveCfg = Debug|Any CPU
		{E65C0DDF-C59E-41CE-9709-7AC4DB06F659}.Debug|x64.Build.0 = Debug|Any CPU
		{E65C0DDF-C59E-41CE-9709-7AC4DB06F659}.Debug|x86.ActiveCfg = Debug|Any CPU
		{E65C0DDF-C59E-41CE-9709-7AC4DB06F659}.Debug|x86.Build.0 = Debug|Any CPU
		{E65C0DDF-C59E-41CE-9709-7AC4DB06F659}.Release|Any CPU.ActiveCfg = Release|Any CPU
		{E65C0DDF-C59E-41CE-9709-7AC4DB06F659}.Release|Any CPU.Build.0 = Release|Any CPU
		{E65C0DDF-C59E-41CE-9709-7AC4DB06F659}.Release|x64.ActiveCfg = Release|Any CPU
		{E65C0DDF-C59E-41CE-9709-7AC4DB06F659}.Release|x64.Build.0 = Release|Any CPU
		{E65C0DDF-C59E-41CE-9709-7AC4DB06F659}.Release|x86.ActiveCfg = Release|Any CPU
		{E65C0DDF-C59E-41CE-9709-7AC4DB06F659}.Release|x86.Build.0 = Release|Any CPU
		{4A0DB2BF-23B8-4155-99F8-9A759110B371}.Debug|Any CPU.ActiveCfg = Debug|Any CPU
		{4A0DB2BF-23B8-4155-99F8-9A759110B371}.Debug|Any CPU.Build.0 = Debug|Any CPU
		{4A0DB2BF-23B8-4155-99F8-9A759110B371}.Debug|x64.ActiveCfg = Debug|Any CPU
		{4A0DB2BF-23B8-4155-99F8-9A759110B371}.Debug|x64.Build.0 = Debug|Any CPU
		{4A0DB2BF-23B8-4155-99F8-9A759110B371}.Debug|x86.ActiveCfg = Debug|Any CPU
		{4A0DB2BF-23B8-4155-99F8-9A759110B371}.Debug|x86.Build.0 = Debug|Any CPU
		{4A0DB2BF-23B8-4155-99F8-9A759110B371}.Release|Any CPU.ActiveCfg = Release|Any CPU
		{4A0DB2BF-23B8-4155-99F8-9A759110B371}.Release|Any CPU.Build.0 = Release|Any CPU
		{4A0DB2BF-23B8-4155-99F8-9A759110B371}.Release|x64.ActiveCfg = Release|Any CPU
		{4A0DB2BF-23B8-4155-99F8-9A759110B371}.Release|x64.Build.0 = Release|Any CPU
		{4A0DB2BF-23B8-4155-99F8-9A759110B371}.Release|x86.ActiveCfg = Release|Any CPU
		{4A0DB2BF-23B8-4155-99F8-9A759110B371}.Release|x86.Build.0 = Release|Any CPU
	EndGlobalSection
	GlobalSection(SolutionProperties) = preSolution
		HideSolutionNode = FALSE
	EndGlobalSection
	GlobalSection(NestedProjects) = preSolution
		{0D61B6C7-2057-483C-9604-95E631152E08} = {D5D38992-3557-499D-AC8C-70760F9EA770}
		{6224C484-3E23-4F06-A749-195C1E478110} = {0D61B6C7-2057-483C-9604-95E631152E08}
		{8738851F-C570-48B3-8096-978041878077} = {D5D38992-3557-499D-AC8C-70760F9EA770}
		{20B57A47-839F-43D7-B7E9-457D51CBFE6C} = {8738851F-C570-48B3-8096-978041878077}
		{B37B5B9D-4D9A-48C2-868D-9ED1FBE36429} = {20B57A47-839F-43D7-B7E9-457D51CBFE6C}
		{744467B0-48E0-4A4C-BE08-221D6C4970FE} = {EB926098-4E62-461A-9A0E-AB261CD6B988}
		{3872B053-191E-47D4-AE21-F1048C93B42B} = {744467B0-48E0-4A4C-BE08-221D6C4970FE}
		{B85DEAC7-711A-4B93-B24C-D3772AEFD224} = {3872B053-191E-47D4-AE21-F1048C93B42B}
		{4B243D03-61EB-4E1C-A7DA-3FFAD7B0503F} = {D5D38992-3557-499D-AC8C-70760F9EA770}
		{D018FA0F-A233-4FAF-B14F-D09778D9EB41} = {4B243D03-61EB-4E1C-A7DA-3FFAD7B0503F}
		{4A92AD93-BFA9-4628-9345-8C3BC6B6C5C6} = {4B243D03-61EB-4E1C-A7DA-3FFAD7B0503F}
		{8B9E2683-FABD-45AD-B44F-ACDABAF9F6CE} = {8738851F-C570-48B3-8096-978041878077}
		{35454452-BFD5-4C2D-AD8A-1BD5F5DCB50C} = {EB926098-4E62-461A-9A0E-AB261CD6B988}
		{E65C0DDF-C59E-41CE-9709-7AC4DB06F659} = {35454452-BFD5-4C2D-AD8A-1BD5F5DCB50C}
		{4A0DB2BF-23B8-4155-99F8-9A759110B371} = {8B9E2683-FABD-45AD-B44F-ACDABAF9F6CE}
	EndGlobalSection
	GlobalSection(ExtensibilityGlobals) = postSolution
		SolutionGuid = {21F83C20-BFBD-4C95-9649-6C31C2ACDD37}
	EndGlobalSection
EndGlobal
